
Microsoft Visual Studio Solution File, Format Version 12.00
# Visual Studio Version 16
VisualStudioVersion = 16.0.31025.194
MinimumVisualStudioVersion = 10.0.40219.1
Project("{8BC9CEB8-8B4A-11D0-8D11-00A0C91BC942}") = "Assignment3_4", "Assignment3_4\Assignment3_4.vcxproj", "{ACFC6E5F-84C9-40B3-B815-162147DBCAC1}"
EndProject
Global
	GlobalSection(SolutionConfigurationPlatforms) = preSolution
		Debug|x64 = Debug|x64
		Debug|x86 = Debug|x86
		Release|x64 = Release|x64
		Release|x86 = Release|x86
	EndGlobalSection
	GlobalSection(ProjectConfigurationPlatforms) = postSolution
		{ACFC6E5F-84C9-40B3-B815-162147DBCAC1}.Debug|x64.ActiveCfg = Debug|x64
		{ACFC6E5F-84C9-40B3-B815-162147DBCAC1}.Debug|x64.Build.0 = Debug|x64
		{ACFC6E5F-84C9-40B3-B815-162147DBCAC1}.Debug|x86.ActiveCfg = Debug|Win32
		{ACFC6E5F-84C9-40B3-B815-162147DBCAC1}.Debug|x86.Build.0 = Debug|Win32
		{ACFC6E5F-84C9-40B3-B815-162147DBCAC1}.Release|x64.ActiveCfg = Release|x64
		{ACFC6E5F-84C9-40B3-B815-162147DBCAC1}.Release|x64.Build.0 = Release|x64
		{ACFC6E5F-84C9-40B3-B815-162147DBCAC1}.Release|x86.ActiveCfg = Release|Win32
		{ACFC6E5F-84C9-40B3-B815-162147DBCAC1}.Release|x86.Build.0 = Release|Win32
	EndGlobalSection
	GlobalSection(SolutionProperties) = preSolution
		HideSolutionNode = FALSE
	EndGlobalSection
	GlobalSection(ExtensibilityGlobals) = postSolution
		SolutionGuid = {2B9A3656-023F-4CE1-A3F7-492DBCF4F3AC}
	EndGlobalSection
EndGlobal
